Microsoft Visual Studio Solution File, Format Version 12.00
# Visual Studio 15
Project("{8BC9CEB8-8B4A-11D0-8D11-00A0C91BC942}") = "ALL_BUILD", "ALL_BUILD.vcxproj", "{80B941B0-FE43-3B06-B9C5-F56C892BE09C}"
	ProjectSection(ProjectDependencies) = postProject
		{44259EE0-7752-3660-9595-EE0AF5D18B05} = {44259EE0-7752-3660-9595-EE0AF5D18B05}
		{BD2BB08E-D5E5-3180-A1FF-670AE8F685EC} = {BD2BB08E-D5E5-3180-A1FF-670AE8F685EC}
		{27C94036-E091-3A04-BEA1-272617D6FEF4} = {27C94036-E091-3A04-BEA1-272617D6FEF4}
		{D7D1E757-BD43-30CA-841A-E3DF7E5B86F6} = {D7D1E757-BD43-30CA-841A-E3DF7E5B86F6}
		{8E32648A-0971-325E-9716-0629602C3F3E} = {8E32648A-0971-325E-9716-0629602C3F3E}
		{A4B1E2F2-18C9-3961-9763-8E08EB775518} = {A4B1E2F2-18C9-3961-9763-8E08EB775518}
		{5571BB7F-4E90-3730-90A8-5C77C25C73D0} = {5571BB7F-4E90-3730-90A8-5C77C25C73D0}
	EndProjectSection
EndProject
Project("{8BC9CEB8-8B4A-11D0-8D11-00A0C91BC942}") = "INSTALL", "INSTALL.vcxproj", "{56C79EBD-46FB-33FE-9A54-983A7AEF19C3}"
	ProjectSection(ProjectDependencies) = postProject
		{80B941B0-FE43-3B06-B9C5-F56C892BE09C} = {80B941B0-FE43-3B06-B9C5-F56C892BE09C}
		{44259EE0-7752-3660-9595-EE0AF5D18B05} = {44259EE0-7752-3660-9595-EE0AF5D18B05}
	EndProjectSection
EndProject
Project("{8BC9CEB8-8B4A-11D0-8D11-00A0C91BC942}") = "ZERO_CHECK", "ZERO_CHECK.vcxproj", "{44259EE0-7752-3660-9595-EE0AF5D18B05}"
	ProjectSection(ProjectDependencies) = postProject
	EndProjectSection
EndProject
Project("{8BC9CEB8-8B4A-11D0-8D11-00A0C91BC942}") = "apr-1", "apr-1.vcxproj", "{BD2BB08E-D5E5-3180-A1FF-670AE8F685EC}"
	ProjectSection(ProjectDependencies) = postProject
		{44259EE0-7752-3660-9595-EE0AF5D18B05} = {44259EE0-7752-3660-9595-EE0AF5D18B05}
		{5571BB7F-4E90-3730-90A8-5C77C25C73D0} = {5571BB7F-4E90-3730-90A8-5C77C25C73D0}
	EndProjectSection
EndProject
Project("{8BC9CEB8-8B4A-11D0-8D11-00A0C91BC942}") = "aprapp-1", "aprapp-1.vcxproj", "{27C94036-E091-3A04-BEA1-272617D6FEF4}"
	ProjectSection(ProjectDependencies) = postProject
		{44259EE0-7752-3660-9595-EE0AF5D18B05} = {44259EE0-7752-3660-9595-EE0AF5D18B05}
	EndProjectSection
EndProject
Project("{8BC9CEB8-8B4A-11D0-8D11-00A0C91BC942}") = "gen_test_char", "gen_test_char.vcxproj", "{D7D1E757-BD43-30CA-841A-E3DF7E5B86F6}"
	ProjectSection(ProjectDependencies) = postProject
		{44259EE0-7752-3660-9595-EE0AF5D18B05} = {44259EE0-7752-3660-9595-EE0AF5D18B05}
	EndProjectSection
EndProject
Project("{8BC9CEB8-8B4A-11D0-8D11-00A0C91BC942}") = "libapr-1", "libapr-1.vcxproj", "{8E32648A-0971-325E-9716-0629602C3F3E}"
	ProjectSection(ProjectDependencies) = postProject
		{44259EE0-7752-3660-9595-EE0AF5D18B05} = {44259EE0-7752-3660-9595-EE0AF5D18B05}
		{5571BB7F-4E90-3730-90A8-5C77C25C73D0} = {5571BB7F-4E90-3730-90A8-5C77C25C73D0}
	EndProjectSection
EndProject
Project("{8BC9CEB8-8B4A-11D0-8D11-00A0C91BC942}") = "libaprapp-1", "libaprapp-1.vcxproj", "{A4B1E2F2-18C9-3961-9763-8E08EB775518}"
	ProjectSection(ProjectDependencies) = postProject
		{44259EE0-7752-3660-9595-EE0AF5D18B05} = {44259EE0-7752-3660-9595-EE0AF5D18B05}
	EndProjectSection
EndProject
Project("{8BC9CEB8-8B4A-11D0-8D11-00A0C91BC942}") = "test_char_header", "test_char_header.vcxproj", "{5571BB7F-4E90-3730-90A8-5C77C25C73D0}"
	ProjectSection(ProjectDependencies) = postProject
		{44259EE0-7752-3660-9595-EE0AF5D18B05} = {44259EE0-7752-3660-9595-EE0AF5D18B05}
		{D7D1E757-BD43-30CA-841A-E3DF7E5B86F6} = {D7D1E757-BD43-30CA-841A-E3DF7E5B86F6}
	EndProjectSection
EndProject
Global
	GlobalSection(SolutionConfigurationPlatforms) = preSolution
		Debug|x64 = Debug|x64
		Release|x64 = Release|x64
		MinSizeRel|x64 = MinSizeRel|x64
		RelWithDebInfo|x64 = RelWithDebInfo|x64
	EndGlobalSection
	GlobalSection(ProjectConfigurationPlatforms) = postSolution
		{80B941B0-FE43-3B06-B9C5-F56C892BE09C}.Debug|x64.ActiveCfg = Debug|x64
		{80B941B0-FE43-3B06-B9C5-F56C892BE09C}.Debug|x64.Build.0 = Debug|x64
		{80B941B0-FE43-3B06-B9C5-F56C892BE09C}.Release|x64.ActiveCfg = Release|x64
		{80B941B0-FE43-3B06-B9C5-F56C892BE09C}.Release|x64.Build.0 = Release|x64
		{80B941B0-FE43-3B06-B9C5-F56C892BE09C}.MinSizeRel|x64.ActiveCfg = MinSizeRel|x64
		{80B941B0-FE43-3B06-B9C5-F56C892BE09C}.MinSizeRel|x64.Build.0 = MinSizeRel|x64
		{80B941B0-FE43-3B06-B9C5-F56C892BE09C}.RelWithDebInfo|x64.ActiveCfg = RelWithDebInfo|x64
		{80B941B0-FE43-3B06-B9C5-F56C892BE09C}.RelWithDebInfo|x64.Build.0 = RelWithDebInfo|x64
		{56C79EBD-46FB-33FE-9A54-983A7AEF19C3}.Debug|x64.ActiveCfg = Debug|x64
		{56C79EBD-46FB-33FE-9A54-983A7AEF19C3}.Release|x64.ActiveCfg = Release|x64
		{56C79EBD-46FB-33FE-9A54-983A7AEF19C3}.MinSizeRel|x64.ActiveCfg = MinSizeRel|x64
		{56C79EBD-46FB-33FE-9A54-983A7AEF19C3}.RelWithDebInfo|x64.ActiveCfg = RelWithDebInfo|x64
		{44259EE0-7752-3660-9595-EE0AF5D18B05}.Debug|x64.ActiveCfg = Debug|x64
		{44259EE0-7752-3660-9595-EE0AF5D18B05}.Debug|x64.Build.0 = Debug|x64
		{44259EE0-7752-3660-9595-EE0AF5D18B05}.Release|x64.ActiveCfg = Release|x64
		{44259EE0-7752-3660-9595-EE0AF5D18B05}.Release|x64.Build.0 = Release|x64
		{44259EE0-7752-3660-9595-EE0AF5D18B05}.MinSizeRel|x64.ActiveCfg = MinSizeRel|x64
		{44259EE0-7752-3660-9595-EE0AF5D18B05}.MinSizeRel|x64.Build.0 = MinSizeRel|x64
		{44259EE0-7752-3660-9595-EE0AF5D18B05}.RelWithDebInfo|x64.ActiveCfg = RelWithDebInfo|x64
		{44259EE0-7752-3660-9595-EE0AF5D18B05}.RelWithDebInfo|x64.Build.0 = RelWithDebInfo|x64
		{BD2BB08E-D5E5-3180-A1FF-670AE8F685EC}.Debug|x64.ActiveCfg = Debug|x64
		{BD2BB08E-D5E5-3180-A1FF-670AE8F685EC}.Debug|x64.Build.0 = Debug|x64
		{BD2BB08E-D5E5-3180-A1FF-670AE8F685EC}.Release|x64.ActiveCfg = Release|x64
		{BD2BB08E-D5E5-3180-A1FF-670AE8F685EC}.Release|x64.Build.0 = Release|x64
		{BD2BB08E-D5E5-3180-A1FF-670AE8F685EC}.MinSizeRel|x64.ActiveCfg = MinSizeRel|x64
		{BD2BB08E-D5E5-3180-A1FF-670AE8F685EC}.MinSizeRel|x64.Build.0 = MinSizeRel|x64
		{BD2BB08E-D5E5-3180-A1FF-670AE8F685EC}.RelWithDebInfo|x64.ActiveCfg = RelWithDebInfo|x64
		{BD2BB08E-D5E5-3180-A1FF-670AE8F685EC}.RelWithDebInfo|x64.Build.0 = RelWithDebInfo|x64
		{27C94036-E091-3A04-BEA1-272617D6FEF4}.Debug|x64.ActiveCfg = Debug|x64
		{27C94036-E091-3A04-BEA1-272617D6FEF4}.Debug|x64.Build.0 = Debug|x64
		{27C94036-E091-3A04-BEA1-272617D6FEF4}.Release|x64.ActiveCfg = Release|x64
		{27C94036-E091-3A04-BEA1-272617D6FEF4}.Release|x64.Build.0 = Release|x64
		{27C94036-E091-3A04-BEA1-272617D6FEF4}.MinSizeRel|x64.ActiveCfg = MinSizeRel|x64
		{27C94036-E091-3A04-BEA1-272617D6FEF4}.MinSizeRel|x64.Build.0 = MinSizeRel|x64
		{27C94036-E091-3A04-BEA1-272617D6FEF4}.RelWithDebInfo|x64.ActiveCfg = RelWithDebInfo|x64
		{27C94036-E091-3A04-BEA1-272617D6FEF4}.RelWithDebInfo|x64.Build.0 = RelWithDebInfo|x64
		{D7D1E757-BD43-30CA-841A-E3DF7E5B86F6}.Debug|x64.ActiveCfg = Debug|x64
		{D7D1E757-BD43-30CA-841A-E3DF7E5B86F6}.Debug|x64.Build.0 = Debug|x64
		{D7D1E757-BD43-30CA-841A-E3DF7E5B86F6}.Release|x64.ActiveCfg = Release|x64
		{D7D1E757-BD43-30CA-841A-E3DF7E5B86F6}.Release|x64.Build.0 = Release|x64
		{D7D1E757-BD43-30CA-841A-E3DF7E5B86F6}.MinSizeRel|x64.ActiveCfg = MinSizeRel|x64
		{D7D1E757-BD43-30CA-841A-E3DF7E5B86F6}.MinSizeRel|x64.Build.0 = MinSizeRel|x64
		{D7D1E757-BD43-30CA-841A-E3DF7E5B86F6}.RelWithDebInfo|x64.ActiveCfg = RelWithDebInfo|x64
		{D7D1E757-BD43-30CA-841A-E3DF7E5B86F6}.RelWithDebInfo|x64.Build.0 = RelWithDebInfo|x64
		{8E32648A-0971-325E-9716-0629602C3F3E}.Debug|x64.ActiveCfg = Debug|x64
		{8E32648A-0971-325E-9716-0629602C3F3E}.Debug|x64.Build.0 = Debug|x64
		{8E32648A-0971-325E-9716-0629602C3F3E}.Release|x64.ActiveCfg = Release|x64
		{8E32648A-0971-325E-9716-0629602C3F3E}.Release|x64.Build.0 = Release|x64
		{8E32648A-0971-325E-9716-0629602C3F3E}.MinSizeRel|x64.ActiveCfg = MinSizeRel|x64
		{8E32648A-0971-325E-9716-0629602C3F3E}.MinSizeRel|x64.Build.0 = MinSizeRel|x64
		{8E32648A-0971-325E-9716-0629602C3F3E}.RelWithDebInfo|x64.ActiveCfg = RelWithDebInfo|x64
		{8E32648A-0971-325E-9716-0629602C3F3E}.RelWithDebInfo|x64.Build.0 = RelWithDebInfo|x64
		{A4B1E2F2-18C9-3961-9763-8E08EB775518}.Debug|x64.ActiveCfg = Debug|x64
		{A4B1E2F2-18C9-3961-9763-8E08EB775518}.Debug|x64.Build.0 = Debug|x64
		{A4B1E2F2-18C9-3961-9763-8E08EB775518}.Release|x64.ActiveCfg = Release|x64
		{A4B1E2F2-18C9-3961-9763-8E08EB775518}.Release|x64.Build.0 = Release|x64
		{A4B1E2F2-18C9-3961-9763-8E08EB775518}.MinSizeRel|x64.ActiveCfg = MinSizeRel|x64
		{A4B1E2F2-18C9-3961-9763-8E08EB775518}.MinSizeRel|x64.Build.0 = MinSizeRel|x64
		{A4B1E2F2-18C9-3961-9763-8E08EB775518}.RelWithDebInfo|x64.ActiveCfg = RelWithDebInfo|x64
		{A4B1E2F2-18C9-3961-9763-8E08EB775518}.RelWithDebInfo|x64.Build.0 = RelWithDebInfo|x64
		{5571BB7F-4E90-3730-90A8-5C77C25C73D0}.Debug|x64.ActiveCfg = Debug|x64
		{5571BB7F-4E90-3730-90A8-5C77C25C73D0}.Debug|x64.Build.0 = Debug|x64
		{5571BB7F-4E90-3730-90A8-5C77C25C73D0}.Release|x64.ActiveCfg = Release|x64
		{5571BB7F-4E90-3730-90A8-5C77C25C73D0}.Release|x64.Build.0 = Release|x64
		{5571BB7F-4E90-3730-90A8-5C77C25C73D0}.MinSizeRel|x64.ActiveCfg = MinSizeRel|x64
		{5571BB7F-4E90-3730-90A8-5C77C25C73D0}.MinSizeRel|x64.Build.0 = MinSizeRel|x64
		{5571BB7F-4E90-3730-90A8-5C77C25C73D0}.RelWithDebInfo|x64.ActiveCfg = RelWithDebInfo|x64
		{5571BB7F-4E90-3730-90A8-5C77C25C73D0}.RelWithDebInfo|x64.Build.0 = RelWithDebInfo|x64
	EndGlobalSection
	GlobalSection(ExtensibilityGlobals) = postSolution
		SolutionGuid = {D8930A7D-13F6-3E0B-BF8F-637967781B96}
	EndGlobalSection
	GlobalSection(ExtensibilityAddIns) = postSolution
	EndGlobalSection
EndGlobal
